PODS:
  - BRLMPrinterKit (4.12.0)

DEPENDENCIES:
  - BRLMPrinterKit (from `https://github.com/blanton-cloud/BRLMPrinterKit.git`, tag `v4.12.0`)

EXTERNAL SOURCES:
  BRLMPrinterKit:
    :git: https://github.com/blanton-cloud/BRLMPrinterKit.git
    :tag: v4.12.0

CHECKOUT OPTIONS:
  BRLMPrinterKit:
    :git: https://github.com/blanton-cloud/BRLMPrinterKit.git
    :tag: v4.12.0

SPEC CHECKSUMS:
  BRLMPrinterKit: 4d2c92f66f6f685fde9cf24fd6d4a4741c4d591e

PODFILE CHECKSUM: 59923b4c031de4fad186a28f96760118e842ad08

COCOAPODS: 1.16.2
