PODS:
  - BRLMPrinterKit (4.12.0)

DEPENDENCIES:
  - BRLMPrinterKit (from `https://github.com/blanton-cloud/BRLMPrinterKit.git`, branch `main`)

EXTERNAL SOURCES:
  BRLMPrinterKit:
    :branch: main
    :git: https://github.com/blanton-cloud/BRLMPrinterKit.git

CHECKOUT OPTIONS:
  BRLMPrinterKit:
    :commit: 82b9b2f14a33321e65670b1665d61b6947b62f56
    :git: https://github.com/blanton-cloud/BRLMPrinterKit.git

SPEC CHECKSUMS:
  BRLMPrinterKit: 4d2c92f66f6f685fde9cf24fd6d4a4741c4d591e

PODFILE CHECKSUM: 79791b5e4caf75dd822ef8eb7e3fd130cb8b2633

COCOAPODS: 1.16.2
